
Microsoft Visual Studio Solution File, Format Version 12.00
# Visual Studio Version 16
Project("{9A19103F-16F7-4668-BE54-9A1E7A4F7556}") = "ShoppingCart", "ShoppingCart.csproj", "{00A07726-CDDE-4168-BF4B-CA8994F81152}"
EndProject
Global
	GlobalSection(SolutionConfigurationPlatforms) = preSolution
		Debug|Any CPU = Debug|Any CPU
		Release|Any CPU = Release|Any CPU
	EndGlobalSection
	GlobalSection(ProjectConfigurationPlatforms) = postSolution
		{00A07726-CDDE-4168-BF4B-CA8994F81152}.Debug|Any CPU.ActiveCfg = Debug|Any CPU
		{00A07726-CDDE-4168-BF4B-CA8994F81152}.Debug|Any CPU.Build.0 = Debug|Any CPU
		{00A07726-CDDE-4168-BF4B-CA8994F81152}.Release|Any CPU.ActiveCfg = Release|Any CPU
		{00A07726-CDDE-4168-BF4B-CA8994F81152}.Release|Any CPU.Build.0 = Release|Any CPU
	EndGlobalSection
	GlobalSection(SolutionProperties) = preSolution
		HideSolutionNode = FALSE
	EndGlobalSection
	GlobalSection(ExtensibilityGlobals) = postSolution
		SolutionGuid = {6701D7FD-48FC-4B4B-8579-C4B9B1A76850}
	EndGlobalSection
EndGlobal
